
Microsoft Visual Studio Solution File, Format Version 12.00
# Visual Studio Version 16
VisualStudioVersion = 16.0.32228.343
MinimumVisualStudioVersion = 10.0.40219.1
Project("{9A19103F-16F7-4668-BE54-9A1E7A4F7556}") = "CRUDAPI", "CRUDAPI\CRUDAPI.csproj", "{F469C90B-CBEC-4B7B-8DD8-08304A23C794}"
EndProject
Project("{9A19103F-16F7-4668-BE54-9A1E7A4F7556}") = "CRUDAPI.EFCORE", "CRUDAPI.EFCORE\CRUDAPI.EFCORE.csproj", "{8792A222-C912-49F3-8AAF-9E47FDF5FA52}"
EndProject
Project("{9A19103F-16F7-4668-BE54-9A1E7A4F7556}") = "CRUDAPI.DOMAIN", "CRUDAPI.DOMAIN\CRUDAPI.DOMAIN.csproj", "{02ADC2F9-BEDD-44C2-9DE4-FFA34F123137}"
EndProject
Project("{9A19103F-16F7-4668-BE54-9A1E7A4F7556}") = "CRUDAPI.Services", "CRUDAPI.Services\CRUDAPI.Services.csproj", "{0BE2B603-282F-4BBD-B385-352EA78E1E42}"
EndProject
Project("{FAE04EC0-301F-11D3-BF4B-00C04F79EFBC}") = "IdentityServer", "IdentityServer\IdentityServer.csproj", "{1EC486A0-A7A4-493F-BF04-B8D6DC71CCF4}"
EndProject
Project("{FAE04EC0-301F-11D3-BF4B-00C04F79EFBC}") = "ConsoleApplication", "ConsoleApplication\ConsoleApplication.csproj", "{415DD79E-8308-4A45-B2B6-6B996564E869}"
EndProject
Global
	GlobalSection(SolutionConfigurationPlatforms) = preSolution
		Debug|Any CPU = Debug|Any CPU
		Release|Any CPU = Release|Any CPU
	EndGlobalSection
	GlobalSection(ProjectConfigurationPlatforms) = postSolution
		{F469C90B-CBEC-4B7B-8DD8-08304A23C794}.Debug|Any CPU.ActiveCfg = Debug|Any CPU
		{F469C90B-CBEC-4B7B-8DD8-08304A23C794}.Debug|Any CPU.Build.0 = Debug|Any CPU
		{F469C90B-CBEC-4B7B-8DD8-08304A23C794}.Release|Any CPU.ActiveCfg = Release|Any CPU
		{F469C90B-CBEC-4B7B-8DD8-08304A23C794}.Release|Any CPU.Build.0 = Release|Any CPU
		{8792A222-C912-49F3-8AAF-9E47FDF5FA52}.Debug|Any CPU.ActiveCfg = Debug|Any CPU
		{8792A222-C912-49F3-8AAF-9E47FDF5FA52}.Debug|Any CPU.Build.0 = Debug|Any CPU
		{8792A222-C912-49F3-8AAF-9E47FDF5FA52}.Release|Any CPU.ActiveCfg = Release|Any CPU
		{8792A222-C912-49F3-8AAF-9E47FDF5FA52}.Release|Any CPU.Build.0 = Release|Any CPU
		{02ADC2F9-BEDD-44C2-9DE4-FFA34F123137}.Debug|Any CPU.ActiveCfg = Debug|Any CPU
		{02ADC2F9-BEDD-44C2-9DE4-FFA34F123137}.Debug|Any CPU.Build.0 = Debug|Any CPU
		{02ADC2F9-BEDD-44C2-9DE4-FFA34F123137}.Release|Any CPU.ActiveCfg = Release|Any CPU
		{02ADC2F9-BEDD-44C2-9DE4-FFA34F123137}.Release|Any CPU.Build.0 = Release|Any CPU
		{0BE2B603-282F-4BBD-B385-352EA78E1E42}.Debug|Any CPU.ActiveCfg = Debug|Any CPU
		{0BE2B603-282F-4BBD-B385-352EA78E1E42}.Debug|Any CPU.Build.0 = Debug|Any CPU
		{0BE2B603-282F-4BBD-B385-352EA78E1E42}.Release|Any CPU.ActiveCfg = Release|Any CPU
		{0BE2B603-282F-4BBD-B385-352EA78E1E42}.Release|Any CPU.Build.0 = Release|Any CPU
		{1EC486A0-A7A4-493F-BF04-B8D6DC71CCF4}.Debug|Any CPU.ActiveCfg = Debug|Any CPU
		{1EC486A0-A7A4-493F-BF04-B8D6DC71CCF4}.Debug|Any CPU.Build.0 = Debug|Any CPU
		{1EC486A0-A7A4-493F-BF04-B8D6DC71CCF4}.Release|Any CPU.ActiveCfg = Release|Any CPU
		{1EC486A0-A7A4-493F-BF04-B8D6DC71CCF4}.Release|Any CPU.Build.0 = Release|Any CPU
		{415DD79E-8308-4A45-B2B6-6B996564E869}.Debug|Any CPU.ActiveCfg = Debug|Any CPU
		{415DD79E-8308-4A45-B2B6-6B996564E869}.Debug|Any CPU.Build.0 = Debug|Any CPU
		{415DD79E-8308-4A45-B2B6-6B996564E869}.Release|Any CPU.ActiveCfg = Release|Any CPU
		{415DD79E-8308-4A45-B2B6-6B996564E869}.Release|Any CPU.Build.0 = Release|Any CPU
	EndGlobalSection
	GlobalSection(SolutionProperties) = preSolution
		HideSolutionNode = FALSE
	EndGlobalSection
	GlobalSection(ExtensibilityGlobals) = postSolution
		SolutionGuid = {C4024424-88D0-4D21-A6B4-0EC7CF6DA992}
	EndGlobalSection
EndGlobal
